
Microsoft Visual Studio Solution File, Format Version 12.00
# Visual Studio Version 17
VisualStudioVersion = 17.6.33723.286
MinimumVisualStudioVersion = 10.0.40219.1
Project("{FAE04EC0-301F-11D3-BF4B-00C04F79EFBC}") = "Homework15", "Homework15\Homework15.csproj", "{65907077-CC44-4A06-B742-797EF8FCED83}"
EndProject
Global
	GlobalSection(SolutionConfigurationPlatforms) = preSolution
		Debug|Any CPU = Debug|Any CPU
		Release|Any CPU = Release|Any CPU
	EndGlobalSection
	GlobalSection(ProjectConfigurationPlatforms) = postSolution
		{65907077-CC44-4A06-B742-797EF8FCED83}.Debug|Any CPU.ActiveCfg = Debug|Any CPU
		{65907077-CC44-4A06-B742-797EF8FCED83}.Debug|Any CPU.Build.0 = Debug|Any CPU
		{65907077-CC44-4A06-B742-797EF8FCED83}.Release|Any CPU.ActiveCfg = Release|Any CPU
		{65907077-CC44-4A06-B742-797EF8FCED83}.Release|Any CPU.Build.0 = Release|Any CPU
	EndGlobalSection
	GlobalSection(SolutionProperties) = preSolution
		HideSolutionNode = FALSE
	EndGlobalSection
	GlobalSection(ExtensibilityGlobals) = postSolution
		SolutionGuid = {4F6970F9-0A88-4068-85AE-BC16C4D5E6EB}
	EndGlobalSection
EndGlobal
